
Microsoft Visual Studio Solution File, Format Version 12.00
# Visual Studio Version 17
VisualStudioVersion = 17.9.34310.174
MinimumVisualStudioVersion = 10.0.40219.1
Project("{F184B08F-C81C-45F6-A57F-5ABD9991F28F}") = "VBWFCountBlackObjects", "VBWFCountBlackObjects\VBWFCountBlackObjects.vbproj", "{441C0219-C567-4419-B2B4-131C35C0FF81}"
EndProject
Global
	GlobalSection(SolutionConfigurationPlatforms) = preSolution
		Debug|Any CPU = Debug|Any CPU
		Release|Any CPU = Release|Any CPU
	EndGlobalSection
	GlobalSection(ProjectConfigurationPlatforms) = postSolution
		{441C0219-C567-4419-B2B4-131C35C0FF81}.Debug|Any CPU.ActiveCfg = Debug|Any CPU
		{441C0219-C567-4419-B2B4-131C35C0FF81}.Debug|Any CPU.Build.0 = Debug|Any CPU
		{441C0219-C567-4419-B2B4-131C35C0FF81}.Release|Any CPU.ActiveCfg = Release|Any CPU
		{441C0219-C567-4419-B2B4-131C35C0FF81}.Release|Any CPU.Build.0 = Release|Any CPU
	EndGlobalSection
	GlobalSection(SolutionProperties) = preSolution
		HideSolutionNode = FALSE
	EndGlobalSection
	GlobalSection(ExtensibilityGlobals) = postSolution
		SolutionGuid = {186D4D3E-9C3E-44DD-AF7E-9487D4869016}
	EndGlobalSection
EndGlobal
